
Microsoft Visual Studio Solution File, Format Version 12.00
# Visual Studio Version 16
VisualStudioVersion = 16.0.29806.167
MinimumVisualStudioVersion = 10.0.40219.1
Project("{FAE04EC0-301F-11D3-BF4B-00C04F79EFBC}") = "Delegate", "Delegate.csproj", "{7C432C26-2A84-48E6-9034-7E7FFCDD9B4C}"
EndProject
Global
	GlobalSection(SolutionConfigurationPlatforms) = preSolution
		Debug|Any CPU = Debug|Any CPU
		Release|Any CPU = Release|Any CPU
	EndGlobalSection
	GlobalSection(ProjectConfigurationPlatforms) = postSolution
		{7C432C26-2A84-48E6-9034-7E7FFCDD9B4C}.Debug|Any CPU.ActiveCfg = Debug|Any CPU
		{7C432C26-2A84-48E6-9034-7E7FFCDD9B4C}.Debug|Any CPU.Build.0 = Debug|Any CPU
		{7C432C26-2A84-48E6-9034-7E7FFCDD9B4C}.Release|Any CPU.ActiveCfg = Release|Any CPU
		{7C432C26-2A84-48E6-9034-7E7FFCDD9B4C}.Release|Any CPU.Build.0 = Release|Any CPU
	EndGlobalSection
	GlobalSection(SolutionProperties) = preSolution
		HideSolutionNode = FALSE
	EndGlobalSection
	GlobalSection(ExtensibilityGlobals) = postSolution
		SolutionGuid = {3DCBCC52-2FB1-4FB3-A1B5-1EB734DC6A95}
	EndGlobalSection
EndGlobal
